<Solution>
  <Folder Name="/src/">
    <Project Path="src/EnglishCenter.Api/EnglishCenter.Api.csproj" />
    <Project Path="src/EnglishCenter.Application/EnglishCenter.Application.csproj" />
    <Project Path="src/EnglishCenter.Domain/EnglishCenter.Domain.csproj" />
    <Project Path="src/EnglishCenter.Infrastructure/EnglishCenter.Infrastructure.csproj" />
  </Folder>
</Solution>
